// !$*UTF8*$!
{
	archiveVersion = 1;
	classes = {
	};
	objectVersion = 46;
	objects = {

/* Begin PBXBuildFile section */
		C824A8BB1DD8DAC1000806DF /* ListDetailViewController.swift in Sources */ = {isa = PBXBuildFile; fileRef = C824A8BA1DD8DAC1000806DF /* ListDetailViewController.swift */; };
		C84EA53D1DC7EC1D001126B0 /* AppDelegate.swift in Sources */ = {isa = PBXBuildFile; fileRef = C84EA53C1DC7EC1D001126B0 /* AppDelegate.swift */; };
		C84EA53F1DC7EC1D001126B0 /* ChecklistViewController.swift in Sources */ = {isa = PBXBuildFile; fileRef = C84EA53E1DC7EC1D001126B0 /* ChecklistViewController.swift */; };
		C84EA5421DC7EC1D001126B0 /* Main.storyboard in Resources */ = {isa = PBXBuildFile; fileRef = C84EA5401DC7EC1D001126B0 /* Main.storyboard */; };
		C84EA5441DC7EC1D001126B0 /* Assets.xcassets in Resources */ = {isa = PBXBuildFile; fileRef = C84EA5431DC7EC1D001126B0 /* Assets.xcassets */; };
		C84EA5471DC7EC1D001126B0 /* LaunchScreen.storyboard in Resources */ = {isa = PBXBuildFile; fileRef = C84EA5451DC7EC1D001126B0 /* LaunchScreen.storyboard */; };
		C876CBCC1DCE5C8400ADA383 /* ItemDetailViewController.swift in Sources */ = {isa = PBXBuildFile; fileRef = C876CBCB1DCE5C8400ADA383 /* ItemDetailViewController.swift */; };
		C8C5B9281DC90CEF00B3EAB7 /* ChecklistItem.swift in Sources */ = {isa = PBXBuildFile; fileRef = C8C5B9271DC90CEF00B3EAB7 /* ChecklistItem.swift */; };
		C8C60A651DD8C08F00188871 /* AllListsViewController.swift in Sources */ = {isa = PBXBuildFile; fileRef = C8C60A641DD8C08F00188871 /* AllListsViewController.swift */; };
		C8C60A671DD8C6DE00188871 /* Checklist.swift in Sources */ = {isa = PBXBuildFile; fileRef = C8C60A661DD8C6DE00188871 /* Checklist.swift */; };
/* End PBXBuildFile section */

/* Begin PBXFileReference section */
		C824A8BA1DD8DAC1000806DF /* ListDetailViewController.swift */ = {isa = PBXFileReference; fileEncoding = 4; lastKnownFileType = sourcecode.swift; path = ListDetailViewController.swift; sourceTree = "<group>"; };
		C84EA5391DC7EC1D001126B0 /* Checklist.app */ = {isa = PBXFileReference; explicitFileType = wrapper.application; includeInIndex = 0; path = Checklist.app; sourceTree = BUILT_PRODUCTS_DIR; };
		C84EA53C1DC7EC1D001126B0 /* AppDelegate.swift */ = {isa = PBXFileReference; lastKnownFileType = sourcecode.swift; path = AppDelegate.swift; sourceTree = "<group>"; };
		C84EA53E1DC7EC1D001126B0 /* ChecklistViewController.swift */ = {isa = PBXFileReference; lastKnownFileType = sourcecode.swift; lineEnding = 0; path = ChecklistViewController.swift; sourceTree = "<group>"; xcLanguageSpecificationIdentifier = xcode.lang.swift; };
		C84EA5411DC7EC1D001126B0 /* Base */ = {isa = PBXFileReference; lastKnownFileType = file.storyboard; name = Base; path = Base.lproj/Main.storyboard; sourceTree = "<group>"; };
		C84EA5431DC7EC1D001126B0 /* Assets.xcassets */ = {isa = PBXFileReference; lastKnownFileType = folder.assetcatalog; path = Assets.xcassets; sourceTree = "<group>"; };
		C84EA5461DC7EC1D001126B0 /* Base */ = {isa = PBXFileReference; lastKnownFileType = file.storyboard; name = Base; path = Base.lproj/LaunchScreen.storyboard; sourceTree = "<group>"; };
		C84EA5481DC7EC1D001126B0 /* Info.plist */ = {isa = PBXFileReference; lastKnownFileType = text.plist.xml; path = Info.plist; sourceTree = "<group>"; };
		C876CBCB1DCE5C8400ADA383 /* ItemDetailViewController.swift */ = {isa = PBXFileReference; fileEncoding = 4; lastKnownFileType = sourcecode.swift; lineEnding = 0; path = ItemDetailViewController.swift; sourceTree = "<group>"; xcLanguageSpecificationIdentifier = xcode.lang.swift; };
		C8C5B9271DC90CEF00B3EAB7 /* ChecklistItem.swift */ = {isa = PBXFileReference; fileEncoding = 4; lastKnownFileType = sourcecode.swift; path = ChecklistItem.swift; sourceTree = "<group>"; };
		C8C60A641DD8C08F00188871 /* AllListsViewController.swift */ = {isa = PBXFileReference; fileEncoding = 4; lastKnownFileType = sourcecode.swift; path = AllListsViewController.swift; sourceTree = "<group>"; };
		C8C60A661DD8C6DE00188871 /* Checklist.swift */ = {isa = PBXFileReference; fileEncoding = 4; lastKnownFileType = sourcecode.swift; path = Checklist.swift; sourceTree = "<group>"; };
/* End PBXFileReference section */

/* Begin PBXFrameworksBuildPhase section */
		C84EA5361DC7EC1D001126B0 /* Frameworks */ = {
			isa = PBXFrameworksBuildPhase;
			buildActionMask = 2147483647;
			files = (
			);
			runOnlyForDeploymentPostprocessing = 0;
		};
/* End PBXFrameworksBuildPhase section */

/* Begin PBXGroup section */
		C84EA5301DC7EC1D001126B0 = {
			isa = PBXGroup;
			children = (
				C84EA53B1DC7EC1D001126B0 /* Checklist */,
				C84EA53A1DC7EC1D001126B0 /* Products */,
			);
			sourceTree = "<group>";
		};
		C84EA53A1DC7EC1D001126B0 /* Products */ = {
			isa = PBXGroup;
			children = (
				C84EA5391DC7EC1D001126B0 /* Checklist.app */,
			);
			name = Products;
			sourceTree = "<group>";
		};
		C84EA53B1DC7EC1D001126B0 /* Checklist */ = {
			isa = PBXGroup;
			children = (
				C84EA53C1DC7EC1D001126B0 /* AppDelegate.swift */,
				C8C60A641DD8C08F00188871 /* AllListsViewController.swift */,
				C824A8BA1DD8DAC1000806DF /* ListDetailViewController.swift */,
				C8C60A661DD8C6DE00188871 /* Checklist.swift */,
				C84EA53E1DC7EC1D001126B0 /* ChecklistViewController.swift */,
				C8C5B9271DC90CEF00B3EAB7 /* ChecklistItem.swift */,
				C876CBCB1DCE5C8400ADA383 /* ItemDetailViewController.swift */,
				C84EA5401DC7EC1D001126B0 /* Main.storyboard */,
				C84EA5431DC7EC1D001126B0 /* Assets.xcassets */,
				C84EA5451DC7EC1D001126B0 /* LaunchScreen.storyboard */,
				C84EA5481DC7EC1D001126B0 /* Info.plist */,
			);
			path = Checklist;
			sourceTree = "<group>";
		};
/* End PBXGroup section */

/* Begin PBXNativeTarget section */
		C84EA5381DC7EC1D001126B0 /* Checklist */ = {
			isa = PBXNativeTarget;
			buildConfigurationList = C84EA54B1DC7EC1D001126B0 /* Build configuration list for PBXNativeTarget "Checklist" */;
			buildPhases = (
				C84EA5351DC7EC1D001126B0 /* Sources */,
				C84EA5361DC7EC1D001126B0 /* Frameworks */,
				C84EA5371DC7EC1D001126B0 /* Resources */,
			);
			buildRules = (
			);
			dependencies = (
			);
			name = Checklist;
			productName = Checklist;
			productReference = C84EA5391DC7EC1D001126B0 /* Checklist.app */;
			productType = "com.apple.product-type.application";
		};
/* End PBXNativeTarget section */

/* Begin PBXProject section */
		C84EA5311DC7EC1D001126B0 /* Project object */ = {
			isa = PBXProject;
			attributes = {
				LastSwiftUpdateCheck = 0800;
				LastUpgradeCheck = 0800;
				ORGANIZATIONNAME = "Paweł Liczmański";
				TargetAttributes = {
					C84EA5381DC7EC1D001126B0 = {
						CreatedOnToolsVersion = 8.0;
						ProvisioningStyle = Automatic;
					};
				};
			};
			buildConfigurationList = C84EA5341DC7EC1D001126B0 /* Build configuration list for PBXProject "Checklist" */;
			compatibilityVersion = "Xcode 3.2";
			developmentRegion = English;
			hasScannedForEncodings = 0;
			knownRegions = (
				en,
				Base,
			);
			mainGroup = C84EA5301DC7EC1D001126B0;
			productRefGroup = C84EA53A1DC7EC1D001126B0 /* Products */;
			projectDirPath = "";
			projectRoot = "";
			targets = (
				C84EA5381DC7EC1D001126B0 /* Checklist */,
			);
		};
/* End PBXProject section */

/* Begin PBXResourcesBuildPhase section */
		C84EA5371DC7EC1D001126B0 /* Resources */ = {
			isa = PBXResourcesBuildPhase;
			buildActionMask = 2147483647;
			files = (
				C84EA5471DC7EC1D001126B0 /* LaunchScreen.storyboard in Resources */,
				C84EA5441DC7EC1D001126B0 /* Assets.xcassets in Resources */,
				C84EA5421DC7EC1D001126B0 /* Main.storyboard in Resources */,
			);
			runOnlyForDeploymentPostprocessing = 0;
		};
/* End PBXResourcesBuildPhase section */

/* Begin PBXSourcesBuildPhase section */
		C84EA5351DC7EC1D001126B0 /* Sources */ = {
			isa = PBXSourcesBuildPhase;
			buildActionMask = 2147483647;
			files = (
				C84EA53F1DC7EC1D001126B0 /* ChecklistViewController.swift in Sources */,
				C824A8BB1DD8DAC1000806DF /* ListDetailViewController.swift in Sources */,
				C876CBCC1DCE5C8400ADA383 /* ItemDetailViewController.swift in Sources */,
				C8C60A671DD8C6DE00188871 /* Checklist.swift in Sources */,
				C8C5B9281DC90CEF00B3EAB7 /* ChecklistItem.swift in Sources */,
				C8C60A651DD8C08F00188871 /* AllListsViewController.swift in Sources */,
				C84EA53D1DC7EC1D001126B0 /* AppDelegate.swift in Sources */,
			);
			runOnlyForDeploymentPostprocessing = 0;
		};
/* End PBXSourcesBuildPhase section */

/* Begin PBXVariantGroup section */
		C84EA5401DC7EC1D001126B0 /* Main.storyboard */ = {
			isa = PBXVariantGroup;
			children = (
				C84EA5411DC7EC1D001126B0 /* Base */,
			);
			name = Main.storyboard;
			sourceTree = "<group>";
		};
		C84EA5451DC7EC1D001126B0 /* LaunchScreen.storyboard */ = {
			isa = PBXVariantGroup;
			children = (
				C84EA5461DC7EC1D001126B0 /* Base */,
			);
			name = LaunchScreen.storyboard;
			sourceTree = "<group>";
		};
/* End PBXVariantGroup section */

/* Begin XCBuildConfiguration section */
		C84EA5491DC7EC1D001126B0 /* Debug */ = {
			isa = XCBuildConfiguration;
			buildSettings = {
				ALWAYS_SEARCH_USER_PATHS = NO;
				CLANG_ANALYZER_NONNULL = YES;
				CLANG_CXX_LANGUAGE_STANDARD = "gnu++0x";
				CLANG_CXX_LIBRARY = "libc++";
				CLANG_ENABLE_MODULES = YES;
				CLANG_ENABLE_OBJC_ARC = YES;
				CLANG_WARN_BOOL_CONVERSION = YES;
				CLANG_WARN_CONSTANT_CONVERSION = YES;
				CLANG_WARN_DIRECT_OBJC_ISA_USAGE = YES_ERROR;
				CLANG_WARN_DOCUMENTATION_COMMENTS = YES;
				CLANG_WARN_EMPTY_BODY = YES;
				CLANG_WARN_ENUM_CONVERSION = YES;
				CLANG_WARN_INFINITE_RECURSION = YES;
				CLANG_WARN_INT_CONVERSION = YES;
				CLANG_WARN_OBJC_ROOT_CLASS = YES_ERROR;
				CLANG_WARN_SUSPICIOUS_MOVES = YES;
				CLANG_WARN_UNREACHABLE_CODE = YES;
				CLANG_WARN__DUPLICATE_METHOD_MATCH = YES;
				"CODE_SIGN_IDENTITY[sdk=iphoneos*]" = "iPhone Developer";
				COPY_PHASE_STRIP = NO;
				DEBUG_INFORMATION_FORMAT = dwarf;
				ENABLE_STRICT_OBJC_MSGSEND = YES;
				ENABLE_TESTABILITY = YES;
				GCC_C_LANGUAGE_STANDARD = gnu99;
				GCC_DYNAMIC_NO_PIC = NO;
				GCC_NO_COMMON_BLOCKS = YES;
				GCC_OPTIMIZATION_LEVEL = 0;
				GCC_PREPROCESSOR_DEFINITIONS = (
					"DEBUG=1",
					"$(inherited)",
				);
				GCC_WARN_64_TO_32_BIT_CONVERSION = YES;
				GCC_WARN_ABOUT_RETURN_TYPE = YES_ERROR;
				GCC_WARN_UNDECLARED_SELECTOR = YES;
				GCC_WARN_UNINITIALIZED_AUTOS = YES_AGGRESSIVE;
				GCC_WARN_UNUSED_FUNCTION = YES;
				GCC_WARN_UNUSED_VARIABLE = YES;
				IPHONEOS_DEPLOYMENT_TARGET = 10.0;
				MTL_ENABLE_DEBUG_INFO = YES;
				ONLY_ACTIVE_ARCH = YES;
				SDKROOT = iphoneos;
				SWIFT_ACTIVE_COMPILATION_CONDITIONS = DEBUG;
				SWIFT_OPTIMIZATION_LEVEL = "-Onone";
			};
			name = Debug;
		};
		C84EA54A1DC7EC1D001126B0 /* Release */ = {
			isa = XCBuildConfiguration;
			buildSettings = {
				ALWAYS_SEARCH_USER_PATHS = NO;
				CLANG_ANALYZER_NONNULL = YES;
				CLANG_CXX_LANGUAGE_STANDARD = "gnu++0x";
				CLANG_CXX_LIBRARY = "libc++";
				CLANG_ENABLE_MODULES = YES;
				CLANG_ENABLE_OBJC_ARC = YES;
				CLANG_WARN_BOOL_CONVERSION = YES;
				CLANG_WARN_CONSTANT_CONVERSION = YES;
				CLANG_WARN_DIRECT_OBJC_ISA_USAGE = YES_ERROR;
				CLANG_WARN_DOCUMENTATION_COMMENTS = YES;
				CLANG_WARN_EMPTY_BODY = YES;
				CLANG_WARN_ENUM_CONVERSION = YES;
				CLANG_WARN_INFINITE_RECURSION = YES;
				CLANG_WARN_INT_CONVERSION = YES;
				CLANG_WARN_OBJC_ROOT_CLASS = YES_ERROR;
				CLANG_WARN_SUSPICIOUS_MOVES = YES;
				CLANG_WARN_UNREACHABLE_CODE = YES;
				CLANG_WARN__DUPLICATE_METHOD_MATCH = YES;
				"CODE_SIGN_IDENTITY[sdk=iphoneos*]" = "iPhone Developer";
				COPY_PHASE_STRIP = NO;
				DEBUG_INFORMATION_FORMAT = "dwarf-with-dsym";
				ENABLE_NS_ASSERTIONS = NO;
				ENABLE_STRICT_OBJC_MSGSEND = YES;
				GCC_C_LANGUAGE_STANDARD = gnu99;
				GCC_NO_COMMON_BLOCKS = YES;
				GCC_WARN_64_TO_32_BIT_CONVERSION = YES;
				GCC_WARN_ABOUT_RETURN_TYPE = YES_ERROR;
				GCC_WARN_UNDECLARED_SELECTOR = YES;
				GCC_WARN_UNINITIALIZED_AUTOS = YES_AGGRESSIVE;
				GCC_WARN_UNUSED_FUNCTION = YES;
				GCC_WARN_UNUSED_VARIABLE = YES;
				IPHONEOS_DEPLOYMENT_TARGET = 10.0;
				MTL_ENABLE_DEBUG_INFO = NO;
				SDKROOT = iphoneos;
				SWIFT_OPTIMIZATION_LEVEL = "-Owholemodule";
				VALIDATE_PRODUCT = YES;
			};
			name = Release;
		};
		C84EA54C1DC7EC1D001126B0 /* Debug */ = {
			isa = XCBuildConfiguration;
			buildSettings = {
				ASSETCATALOG_COMPILER_APPICON_NAME = AppIcon;
				INFOPLIST_FILE = Checklist/Info.plist;
				LD_RUNPATH_SEARCH_PATHS = "$(inherited) @executable_path/Frameworks";
				PRODUCT_BUNDLE_IDENTIFIER = com.pawelliczmanski.Checklist;
				PRODUCT_NAME = "$(TARGET_NAME)";
				SWIFT_VERSION = 3.0;
			};
			name = Debug;
		};
		C84EA54D1DC7EC1D001126B0 /* Release */ = {
			isa = XCBuildConfiguration;
			buildSettings = {
				ASSETCATALOG_COMPILER_APPICON_NAME = AppIcon;
				INFOPLIST_FILE = Checklist/Info.plist;
				LD_RUNPATH_SEARCH_PATHS = "$(inherited) @executable_path/Frameworks";
				PRODUCT_BUNDLE_IDENTIFIER = com.pawelliczmanski.Checklist;
				PRODUCT_NAME = "$(TARGET_NAME)";
				SWIFT_VERSION = 3.0;
			};
			name = Release;
		};
/* End XCBuildConfiguration section */

/* Begin XCConfigurationList section */
		C84EA5341DC7EC1D001126B0 /* Build configuration list for PBXProject "Checklist" */ = {
			isa = XCConfigurationList;
			buildConfigurations = (
				C84EA5491DC7EC1D001126B0 /* Debug */,
				C84EA54A1DC7EC1D001126B0 /* Release */,
			);
			defaultConfigurationIsVisible = 0;
			defaultConfigurationName = Release;
		};
		C84EA54B1DC7EC1D001126B0 /* Build configuration list for PBXNativeTarget "Checklist" */ = {
			isa = XCConfigurationList;
			buildConfigurations = (
				C84EA54C1DC7EC1D001126B0 /* Debug */,
				C84EA54D1DC7EC1D001126B0 /* Release */,
			);
			defaultConfigurationIsVisible = 0;
			defaultConfigurationName = Release;
		};
/* End XCConfigurationList section */
	};
	rootObject = C84EA5311DC7EC1D001126B0 /* Project object */;
}
